
Microsoft Visual Studio Solution File, Format Version 12.00
# Visual Studio 15
Project("{FAE04EC0-301F-11D3-BF4B-00C04F79EFBC}") = "123", "123\123.csproj", "{30E6B8F0-5CB1-4031-A172-37DFD03B827B}"
EndProject
Global
	GlobalSection(SolutionConfigurationPlatforms) = preSolution
		Debug|Any CPU = Debug|Any CPU
		Release|Any CPU = Release|Any CPU
	EndGlobalSection
	GlobalSection(ProjectConfigurationPlatforms) = postSolution
		{30E6B8F0-5CB1-4031-A172-37DFD03B827B}.Debug|Any CPU.ActiveCfg = Debug|Any CPU
		{30E6B8F0-5CB1-4031-A172-37DFD03B827B}.Debug|Any CPU.Build.0 = Debug|Any CPU
		{30E6B8F0-5CB1-4031-A172-37DFD03B827B}.Release|Any CPU.ActiveCfg = Release|Any CPU
		{30E6B8F0-5CB1-4031-A172-37DFD03B827B}.Release|Any CPU.Build.0 = Release|Any CPU
	EndGlobalSection
EndGlobal
